schema: '2.0'
stages:
  prepare:
    cmd: uv run python pipeline/prepare.py
    deps:
    - path: configs/config.yaml
      hash: md5
      md5: 48f2b15abc831260af6899990b82058e
      size: 336
    - path: configs/data.yaml
      hash: md5
      md5: 472fe27e1e4f0c4115cfcaa888df7a4b
      size: 148
    - path: data/raw/Final_File.xlsx
      hash: md5
      md5: 9f077f32ba053d5c210c08c79d0dbfd5
      size: 166484
    - path: pipeline/prepare.py
      hash: md5
      md5: bb58f6cc7caeb5e3a63f84820643981a
      size: 717
    - path: src/data_preprocessing.py
      hash: md5
      md5: c3297e2c9c22ee2f4fae540019872330
      size: 2100
    outs:
    - path: data/processed/rfm_processed.csv
      hash: md5
      md5: 7f04d4590620b9a0a043d899cc1d495e
      size: 164901
  preprocess:
    cmd: uv run python pipeline/preprocess.py
    deps:
    - path: configs/config.yaml
      hash: md5
      md5: 48f2b15abc831260af6899990b82058e
      size: 336
    - path: configs/data.yaml
      hash: md5
      md5: 472fe27e1e4f0c4115cfcaa888df7a4b
      size: 148
    - path: configs/preprocessing.yaml
      hash: md5
      md5: 028ebbb55b3638152a6e11f2f1f0228a
      size: 162
    - path: data/processed/rfm_processed.csv
      hash: md5
      md5: 7f04d4590620b9a0a043d899cc1d495e
      size: 164901
    - path: pipeline/preprocess.py
      hash: md5
      md5: e46f316a28d5699b10b7f34ca4643a30
      size: 1166
    - path: src/data_preprocessing.py
      hash: md5
      md5: c3297e2c9c22ee2f4fae540019872330
      size: 2100
    outs:
    - path: data/processed/X_processed.csv
      hash: md5
      md5: 1fc6faf287c98d26bd56b6c174d195d0
      size: 235344
    - path: models/scaler.pkl
      hash: md5
      md5: f8b6103ddf52e1befab84eed063e8b7a
      size: 927
  train:
    cmd: uv run python pipeline/train.py
    deps:
    - path: configs/config.yaml
      hash: md5
      md5: 48f2b15abc831260af6899990b82058e
      size: 336
    - path: configs/model.yaml
      hash: md5
      md5: 9ae8d6acc641a3844c59048e7e4dddea
      size: 229
    - path: data/processed/X_processed.csv
      hash: md5
      md5: 1fc6faf287c98d26bd56b6c174d195d0
      size: 235344
    - path: pipeline/train.py
      hash: md5
      md5: 230b98386b558dcde395f6bab688b948
      size: 3391
    - path: src/clustering.py
      hash: md5
      md5: 022dcb8453beff673889c8d6621cbac8
      size: 868
    - path: src/utils.py
      hash: md5
      md5: 82b812cf7ef6f4aca5408446e3aa9d28
      size: 598
    outs:
    - path: models/dbscan.pkl
      hash: md5
      md5: dda16c49261fb2791e94b395882725b1
      size: 156303
    - path: models/kmeans.pkl
      hash: md5
      md5: 310e016b012222dbabd2256b261c5fd5
      size: 16823
    - path: reports/mlflow_run_id_dbscan.txt
      hash: md5
      md5: 66b35f00351182de8b6b9efddbbf2521
      size: 32
    - path: reports/mlflow_run_id_kmeans.txt
      hash: md5
      md5: be3109d617002e1d11e789138077bdcc
      size: 32
  evaluate:
    cmd: uv run python pipeline/evaluate.py
    deps:
    - path: configs/config.yaml
      hash: md5
      md5: 48f2b15abc831260af6899990b82058e
      size: 336
    - path: configs/model.yaml
      hash: md5
      md5: 9ae8d6acc641a3844c59048e7e4dddea
      size: 229
    - path: data/processed/X_processed.csv
      hash: md5
      md5: 1fc6faf287c98d26bd56b6c174d195d0
      size: 235344
    - path: data/processed/rfm_processed.csv
      hash: md5
      md5: 7f04d4590620b9a0a043d899cc1d495e
      size: 164901
    - path: models/dbscan.pkl
      hash: md5
      md5: dda16c49261fb2791e94b395882725b1
      size: 156303
    - path: models/kmeans.pkl
      hash: md5
      md5: 310e016b012222dbabd2256b261c5fd5
      size: 16823
    - path: pipeline/evaluate.py
      hash: md5
      md5: 2bef44ed5978e1fcfde0d9778b9c34cf
      size: 4637
    - path: src/evaluation.py
      hash: md5
      md5: d93a22bd3ebe01603412a8a34bb0a2d8
      size: 1617
    outs:
    - path: reports/dbscan
      hash: md5
      md5: 4270fbada1cf5f20a437721dcb30b7fd.dir
      size: 216329
      nfiles: 3
    - path: reports/kmeans
      hash: md5
      md5: a10d8d95bcc32fc2b3c29a06123f5a59.dir
      size: 349179
      nfiles: 5
